github.com/google/uuid v1.2.0 h1:qJYtXnJRWmpe7m/3XlyhrsLrEURqHRM2kxzoxXqyUDs=
github.com/google/uuid v1.2.0/go.mod h1:TIyPZe4MgqvfeYDBFedMoGGpEw/LqOeaOT+nhxU+yHo=
github.com/nsqio/go-diskqueue v1.0.0 h1:XRqpx7zTMu9yNVH+cHvA5jEiPNKoYcyEsCVqXP3eFg4=
github.com/nsqio/go-diskqueue v1.0.0/go.mod h1:INuJIxl4ayUsyoNtHL5+9MFPDfSZ0zY93hNY6vhBRsI=
